
Microsoft Visual Studio Solution File, Format Version 12.00
# Visual Studio 15
VisualStudioVersion = 15.0.28307.489
MinimumVisualStudioVersion = 10.0.40219.1
Project("{2150E333-8FDC-42A3-9474-1A3956D46DE8}") = "src", "src", "{E8163BAD-A793-4F14-9A79-16B35830CD74}"
EndProject
Project("{FAE04EC0-301F-11D3-BF4B-00C04F79EFBC}") = "FirstTracks.Web", "FirstTracks.web\FirstTracks.Web.csproj", "{8BA76B52-50EB-4384-A638-1EF956FDACBF}"
EndProject
Project("{FAE04EC0-301F-11D3-BF4B-00C04F79EFBC}") = "FirstTracks.Core", "FirstTracks.Core\FirstTracks.Core.csproj", "{F0A57E2D-2CFA-4591-A8A7-D7247CFFB011}"
EndProject
Project("{FAE04EC0-301F-11D3-BF4B-00C04F79EFBC}") = "FirstTracks.Service", "FirstTracks.Service\FirstTracks.Service.csproj", "{F68BBC7B-E3EE-4597-851A-C677E409F329}"
EndProject
Project("{FAE04EC0-301F-11D3-BF4B-00C04F79EFBC}") = "FirstTracks.Repo", "FirstTracks.Repo\FirstTracks.Repo.csproj", "{F10322A5-320A-4ABF-9D80-3D5DF539D0E2}"
EndProject
Project("{FAE04EC0-301F-11D3-BF4B-00C04F79EFBC}") = "FirstTracks.Api", "FirstTracks.Api\FirstTracks.Api.csproj", "{38565608-9380-432B-B9F5-450EBF7B9F4E}"
EndProject
Global
	GlobalSection(SolutionConfigurationPlatforms) = preSolution
		Debug|Any CPU = Debug|Any CPU
		Release|Any CPU = Release|Any CPU
	EndGlobalSection
	GlobalSection(ProjectConfigurationPlatforms) = postSolution
		{8BA76B52-50EB-4384-A638-1EF956FDACBF}.Debug|Any CPU.ActiveCfg = Debug|Any CPU
		{8BA76B52-50EB-4384-A638-1EF956FDACBF}.Debug|Any CPU.Build.0 = Debug|Any CPU
		{8BA76B52-50EB-4384-A638-1EF956FDACBF}.Release|Any CPU.ActiveCfg = Release|Any CPU
		{8BA76B52-50EB-4384-A638-1EF956FDACBF}.Release|Any CPU.Build.0 = Release|Any CPU
		{F0A57E2D-2CFA-4591-A8A7-D7247CFFB011}.Debug|Any CPU.ActiveCfg = Debug|Any CPU
		{F0A57E2D-2CFA-4591-A8A7-D7247CFFB011}.Debug|Any CPU.Build.0 = Debug|Any CPU
		{F0A57E2D-2CFA-4591-A8A7-D7247CFFB011}.Release|Any CPU.ActiveCfg = Release|Any CPU
		{F0A57E2D-2CFA-4591-A8A7-D7247CFFB011}.Release|Any CPU.Build.0 = Release|Any CPU
		{F68BBC7B-E3EE-4597-851A-C677E409F329}.Debug|Any CPU.ActiveCfg = Debug|Any CPU
		{F68BBC7B-E3EE-4597-851A-C677E409F329}.Debug|Any CPU.Build.0 = Debug|Any CPU
		{F68BBC7B-E3EE-4597-851A-C677E409F329}.Release|Any CPU.ActiveCfg = Release|Any CPU
		{F68BBC7B-E3EE-4597-851A-C677E409F329}.Release|Any CPU.Build.0 = Release|Any CPU
		{F10322A5-320A-4ABF-9D80-3D5DF539D0E2}.Debug|Any CPU.ActiveCfg = Debug|Any CPU
		{F10322A5-320A-4ABF-9D80-3D5DF539D0E2}.Debug|Any CPU.Build.0 = Debug|Any CPU
		{F10322A5-320A-4ABF-9D80-3D5DF539D0E2}.Release|Any CPU.ActiveCfg = Release|Any CPU
		{F10322A5-320A-4ABF-9D80-3D5DF539D0E2}.Release|Any CPU.Build.0 = Release|Any CPU
		{38565608-9380-432B-B9F5-450EBF7B9F4E}.Debug|Any CPU.ActiveCfg = Debug|Any CPU
		{38565608-9380-432B-B9F5-450EBF7B9F4E}.Debug|Any CPU.Build.0 = Debug|Any CPU
		{38565608-9380-432B-B9F5-450EBF7B9F4E}.Release|Any CPU.ActiveCfg = Release|Any CPU
		{38565608-9380-432B-B9F5-450EBF7B9F4E}.Release|Any CPU.Build.0 = Release|Any CPU
	EndGlobalSection
	GlobalSection(SolutionProperties) = preSolution
		HideSolutionNode = FALSE
	EndGlobalSection
	GlobalSection(NestedProjects) = preSolution
		{8BA76B52-50EB-4384-A638-1EF956FDACBF} = {E8163BAD-A793-4F14-9A79-16B35830CD74}
		{F0A57E2D-2CFA-4591-A8A7-D7247CFFB011} = {E8163BAD-A793-4F14-9A79-16B35830CD74}
		{F68BBC7B-E3EE-4597-851A-C677E409F329} = {E8163BAD-A793-4F14-9A79-16B35830CD74}
		{F10322A5-320A-4ABF-9D80-3D5DF539D0E2} = {E8163BAD-A793-4F14-9A79-16B35830CD74}
		{38565608-9380-432B-B9F5-450EBF7B9F4E} = {E8163BAD-A793-4F14-9A79-16B35830CD74}
	EndGlobalSection
	GlobalSection(ExtensibilityGlobals) = postSolution
		SolutionGuid = {66E7DE89-C479-43F7-A80B-2576FDB51E74}
	EndGlobalSection
EndGlobal
